
Microsoft Visual Studio Solution File, Format Version 12.00
# Visual Studio Version 17
VisualStudioVersion = 17.3.32819.101
MinimumVisualStudioVersion = 10.0.40219.1
Project("{FAE04EC0-301F-11D3-BF4B-00C04F79EFBC}") = "AForTest", "AForTest\AForTest.csproj", "{DD2982B3-C556-4264-90CB-BEFBB3D7EF11}"
EndProject
Global
	GlobalSection(SolutionConfigurationPlatforms) = preSolution
		Debug|Any CPU = Debug|Any CPU
		Release|Any CPU = Release|Any CPU
	EndGlobalSection
	GlobalSection(ProjectConfigurationPlatforms) = postSolution
		{DD2982B3-C556-4264-90CB-BEFBB3D7EF11}.Debug|Any CPU.ActiveCfg = Debug|Any CPU
		{DD2982B3-C556-4264-90CB-BEFBB3D7EF11}.Debug|Any CPU.Build.0 = Debug|Any CPU
		{DD2982B3-C556-4264-90CB-BEFBB3D7EF11}.Release|Any CPU.ActiveCfg = Release|Any CPU
		{DD2982B3-C556-4264-90CB-BEFBB3D7EF11}.Release|Any CPU.Build.0 = Release|Any CPU
	EndGlobalSection
	GlobalSection(SolutionProperties) = preSolution
		HideSolutionNode = FALSE
	EndGlobalSection
	GlobalSection(ExtensibilityGlobals) = postSolution
		SolutionGuid = {C85EB629-FBCC-4A48-964F-A38F51717AA3}
	EndGlobalSection
EndGlobal
